// !$*UTF8*$!
{
	archiveVersion = 1;
	classes = {
	};
	objectVersion = 46;
	objects = {

/* Begin PBXBuildFile section */
		BBC5FA441F435411003EF940 /* AppDelegate.swift in Sources */ = {isa = PBXBuildFile; fileRef = BBC5FA431F435411003EF940 /* AppDelegate.swift */; };
		BBC5FA461F435411003EF940 /* ViewController.swift in Sources */ = {isa = PBXBuildFile; fileRef = BBC5FA451F435411003EF940 /* ViewController.swift */; };
		BBC5FA491F435411003EF940 /* Main.storyboard in Resources */ = {isa = PBXBuildFile; fileRef = BBC5FA471F435411003EF940 /* Main.storyboard */; };
		BBC5FA4B1F435411003EF940 /* Assets.xcassets in Resources */ = {isa = PBXBuildFile; fileRef = BBC5FA4A1F435411003EF940 /* Assets.xcassets */; };
		BBC5FA4E1F435411003EF940 /* LaunchScreen.storyboard in Resources */ = {isa = PBXBuildFile; fileRef = BBC5FA4C1F435411003EF940 /* LaunchScreen.storyboard */; };
		BBC5FA591F435411003EF940 /* SurveyFieldReport1_1Tests.swift in Sources */ = {isa = PBXBuildFile; fileRef = BBC5FA581F435411003EF940 /* SurveyFieldReport1_1Tests.swift */; };
		BBC5FA641F435412003EF940 /* SurveyFieldReport1_1UITests.swift in Sources */ = {isa = PBXBuildFile; fileRef = BBC5FA631F435412003EF940 /* SurveyFieldReport1_1UITests.swift */; };
/* End PBXBuildFile section */

/* Begin PBXContainerItemProxy section */
		BBC5FA551F435411003EF940 /* PBXContainerItemProxy */ = {
			isa = PBXContainerItemProxy;
			containerPortal = BBC5FA381F435411003EF940 /* Project object */;
			proxyType = 1;
			remoteGlobalIDString = BBC5FA3F1F435411003EF940;
			remoteInfo = SurveyFieldReport1.1;
		};
		BBC5FA601F435412003EF940 /* PBXContainerItemProxy */ = {
			isa = PBXContainerItemProxy;
			containerPortal = BBC5FA381F435411003EF940 /* Project object */;
			proxyType = 1;
			remoteGlobalIDString = BBC5FA3F1F435411003EF940;
			remoteInfo = SurveyFieldReport1.1;
		};
/* End PBXContainerItemProxy section */

/* Begin PBXFileReference section */
		BBC5FA401F435411003EF940 /* SurveyFieldReport1.1.app */ = {isa = PBXFileReference; explicitFileType = wrapper.application; includeInIndex = 0; path = SurveyFieldReport1.1.app; sourceTree = BUILT_PRODUCTS_DIR; };
		BBC5FA431F435411003EF940 /* AppDelegate.swift */ = {isa = PBXFileReference; lastKnownFileType = sourcecode.swift; path = AppDelegate.swift; sourceTree = "<group>"; };
		BBC5FA451F435411003EF940 /* ViewController.swift */ = {isa = PBXFileReference; lastKnownFileType = sourcecode.swift; path = ViewController.swift; sourceTree = "<group>"; };
		BBC5FA481F435411003EF940 /* Base */ = {isa = PBXFileReference; lastKnownFileType = file.storyboard; name = Base; path = Base.lproj/Main.storyboard; sourceTree = "<group>"; };
		BBC5FA4A1F435411003EF940 /* Assets.xcassets */ = {isa = PBXFileReference; lastKnownFileType = folder.assetcatalog; path = Assets.xcassets; sourceTree = "<group>"; };
		BBC5FA4D1F435411003EF940 /* Base */ = {isa = PBXFileReference; lastKnownFileType = file.storyboard; name = Base; path = Base.lproj/LaunchScreen.storyboard; sourceTree = "<group>"; };
		BBC5FA4F1F435411003EF940 /* Info.plist */ = {isa = PBXFileReference; lastKnownFileType = text.plist.xml; path = Info.plist; sourceTree = "<group>"; };
		BBC5FA541F435411003EF940 /* SurveyFieldReport1.1Tests.xctest */ = {isa = PBXFileReference; explicitFileType = wrapper.cfbundle; includeInIndex = 0; path = SurveyFieldReport1.1Tests.xctest; sourceTree = BUILT_PRODUCTS_DIR; };
		BBC5FA581F435411003EF940 /* SurveyFieldReport1_1Tests.swift */ = {isa = PBXFileReference; lastKnownFileType = sourcecode.swift; path = SurveyFieldReport1_1Tests.swift; sourceTree = "<group>"; };
		BBC5FA5A1F435411003EF940 /* Info.plist */ = {isa = PBXFileReference; lastKnownFileType = text.plist.xml; path = Info.plist; sourceTree = "<group>"; };
		BBC5FA5F1F435412003EF940 /* SurveyFieldReport1.1UITests.xctest */ = {isa = PBXFileReference; explicitFileType = wrapper.cfbundle; includeInIndex = 0; path = SurveyFieldReport1.1UITests.xctest; sourceTree = BUILT_PRODUCTS_DIR; };
		BBC5FA631F435412003EF940 /* SurveyFieldReport1_1UITests.swift */ = {isa = PBXFileReference; lastKnownFileType = sourcecode.swift; path = SurveyFieldReport1_1UITests.swift; sourceTree = "<group>"; };
		BBC5FA651F435412003EF940 /* Info.plist */ = {isa = PBXFileReference; lastKnownFileType = text.plist.xml; path = Info.plist; sourceTree = "<group>"; };
/* End PBXFileReference section */

/* Begin PBXFrameworksBuildPhase section */
		BBC5FA3D1F435411003EF940 /* Frameworks */ = {
			isa = PBXFrameworksBuildPhase;
			buildActionMask = 2147483647;
			files = (
			);
			runOnlyForDeploymentPostprocessing = 0;
		};
		BBC5FA511F435411003EF940 /* Frameworks */ = {
			isa = PBXFrameworksBuildPhase;
			buildActionMask = 2147483647;
			files = (
			);
			runOnlyForDeploymentPostprocessing = 0;
		};
		BBC5FA5C1F435412003EF940 /* Frameworks */ = {
			isa = PBXFrameworksBuildPhase;
			buildActionMask = 2147483647;
			files = (
			);
			runOnlyForDeploymentPostprocessing = 0;
		};
/* End PBXFrameworksBuildPhase section */

/* Begin PBXGroup section */
		BBC5FA371F435411003EF940 = {
			isa = PBXGroup;
			children = (
				BBC5FA421F435411003EF940 /* SurveyFieldReport1.1 */,
				BBC5FA571F435411003EF940 /* SurveyFieldReport1.1Tests */,
				BBC5FA621F435412003EF940 /* SurveyFieldReport1.1UITests */,
				BBC5FA411F435411003EF940 /* Products */,
			);
			sourceTree = "<group>";
		};
		BBC5FA411F435411003EF940 /* Products */ = {
			isa = PBXGroup;
			children = (
				BBC5FA401F435411003EF940 /* SurveyFieldReport1.1.app */,
				BBC5FA541F435411003EF940 /* SurveyFieldReport1.1Tests.xctest */,
				BBC5FA5F1F435412003EF940 /* SurveyFieldReport1.1UITests.xctest */,
			);
			name = Products;
			sourceTree = "<group>";
		};
		BBC5FA421F435411003EF940 /* SurveyFieldReport1.1 */ = {
			isa = PBXGroup;
			children = (
				BBC5FA431F435411003EF940 /* AppDelegate.swift */,
				BBC5FA451F435411003EF940 /* ViewController.swift */,
				BBC5FA471F435411003EF940 /* Main.storyboard */,
				BBC5FA4A1F435411003EF940 /* Assets.xcassets */,
				BBC5FA4C1F435411003EF940 /* LaunchScreen.storyboard */,
				BBC5FA4F1F435411003EF940 /* Info.plist */,
			);
			path = SurveyFieldReport1.1;
			sourceTree = "<group>";
		};
		BBC5FA571F435411003EF940 /* SurveyFieldReport1.1Tests */ = {
			isa = PBXGroup;
			children = (
				BBC5FA581F435411003EF940 /* SurveyFieldReport1_1Tests.swift */,
				BBC5FA5A1F435411003EF940 /* Info.plist */,
			);
			path = SurveyFieldReport1.1Tests;
			sourceTree = "<group>";
		};
		BBC5FA621F435412003EF940 /* SurveyFieldReport1.1UITests */ = {
			isa = PBXGroup;
			children = (
				BBC5FA631F435412003EF940 /* SurveyFieldReport1_1UITests.swift */,
				BBC5FA651F435412003EF940 /* Info.plist */,
			);
			path = SurveyFieldReport1.1UITests;
			sourceTree = "<group>";
		};
/* End PBXGroup section */

/* Begin PBXNativeTarget section */
		BBC5FA3F1F435411003EF940 /* SurveyFieldReport1.1 */ = {
			isa = PBXNativeTarget;
			buildConfigurationList = BBC5FA681F435412003EF940 /* Build configuration list for PBXNativeTarget "SurveyFieldReport1.1" */;
			buildPhases = (
				BBC5FA3C1F435411003EF940 /* Sources */,
				BBC5FA3D1F435411003EF940 /* Frameworks */,
				BBC5FA3E1F435411003EF940 /* Resources */,
			);
			buildRules = (
			);
			dependencies = (
			);
			name = SurveyFieldReport1.1;
			productName = SurveyFieldReport1.1;
			productReference = BBC5FA401F435411003EF940 /* SurveyFieldReport1.1.app */;
			productType = "com.apple.product-type.application";
		};
		BBC5FA531F435411003EF940 /* SurveyFieldReport1.1Tests */ = {
			isa = PBXNativeTarget;
			buildConfigurationList = BBC5FA6B1F435412003EF940 /* Build configuration list for PBXNativeTarget "SurveyFieldReport1.1Tests" */;
			buildPhases = (
				BBC5FA501F435411003EF940 /* Sources */,
				BBC5FA511F435411003EF940 /* Frameworks */,
				BBC5FA521F435411003EF940 /* Resources */,
			);
			buildRules = (
			);
			dependencies = (
				BBC5FA561F435411003EF940 /* PBXTargetDependency */,
			);
			name = SurveyFieldReport1.1Tests;
			productName = SurveyFieldReport1.1Tests;
			productReference = BBC5FA541F435411003EF940 /* SurveyFieldReport1.1Tests.xctest */;
			productType = "com.apple.product-type.bundle.unit-test";
		};
		BBC5FA5E1F435412003EF940 /* SurveyFieldReport1.1UITests */ = {
			isa = PBXNativeTarget;
			buildConfigurationList = BBC5FA6E1F435412003EF940 /* Build configuration list for PBXNativeTarget "SurveyFieldReport1.1UITests" */;
			buildPhases = (
				BBC5FA5B1F435412003EF940 /* Sources */,
				BBC5FA5C1F435412003EF940 /* Frameworks */,
				BBC5FA5D1F435412003EF940 /* Resources */,
			);
			buildRules = (
			);
			dependencies = (
				BBC5FA611F435412003EF940 /* PBXTargetDependency */,
			);
			name = SurveyFieldReport1.1UITests;
			productName = SurveyFieldReport1.1UITests;
			productReference = BBC5FA5F1F435412003EF940 /* SurveyFieldReport1.1UITests.xctest */;
			productType = "com.apple.product-type.bundle.ui-testing";
		};
/* End PBXNativeTarget section */

/* Begin PBXProject section */
		BBC5FA381F435411003EF940 /* Project object */ = {
			isa = PBXProject;
			attributes = {
				LastSwiftUpdateCheck = 0830;
				LastUpgradeCheck = 0830;
				ORGANIZATIONNAME = "Trenton Hamilton";
				TargetAttributes = {
					BBC5FA3F1F435411003EF940 = {
						CreatedOnToolsVersion = 8.3.3;
						DevelopmentTeam = V2J5HSDQ3P;
						ProvisioningStyle = Automatic;
					};
					BBC5FA531F435411003EF940 = {
						CreatedOnToolsVersion = 8.3.3;
						DevelopmentTeam = V2J5HSDQ3P;
						ProvisioningStyle = Automatic;
						TestTargetID = BBC5FA3F1F435411003EF940;
					};
					BBC5FA5E1F435412003EF940 = {
						CreatedOnToolsVersion = 8.3.3;
						DevelopmentTeam = V2J5HSDQ3P;
						ProvisioningStyle = Automatic;
						TestTargetID = BBC5FA3F1F435411003EF940;
					};
				};
			};
			buildConfigurationList = BBC5FA3B1F435411003EF940 /* Build configuration list for PBXProject "SurveyFieldReport1.1" */;
			compatibilityVersion = "Xcode 3.2";
			developmentRegion = English;
			hasScannedForEncodings = 0;
			knownRegions = (
				en,
				Base,
			);
			mainGroup = BBC5FA371F435411003EF940;
			productRefGroup = BBC5FA411F435411003EF940 /* Products */;
			projectDirPath = "";
			projectRoot = "";
			targets = (
				BBC5FA3F1F435411003EF940 /* SurveyFieldReport1.1 */,
				BBC5FA531F435411003EF940 /* SurveyFieldReport1.1Tests */,
				BBC5FA5E1F435412003EF940 /* SurveyFieldReport1.1UITests */,
			);
		};
/* End PBXProject section */

/* Begin PBXResourcesBuildPhase section */
		BBC5FA3E1F435411003EF940 /* Resources */ = {
			isa = PBXResourcesBuildPhase;
			buildActionMask = 2147483647;
			files = (
				BBC5FA4E1F435411003EF940 /* LaunchScreen.storyboard in Resources */,
				BBC5FA4B1F435411003EF940 /* Assets.xcassets in Resources */,
				BBC5FA491F435411003EF940 /* Main.storyboard in Resources */,
			);
			runOnlyForDeploymentPostprocessing = 0;
		};
		BBC5FA521F435411003EF940 /* Resources */ = {
			isa = PBXResourcesBuildPhase;
			buildActionMask = 2147483647;
			files = (
			);
			runOnlyForDeploymentPostprocessing = 0;
		};
		BBC5FA5D1F435412003EF940 /* Resources */ = {
			isa = PBXResourcesBuildPhase;
			buildActionMask = 2147483647;
			files = (
			);
			runOnlyForDeploymentPostprocessing = 0;
		};
/* End PBXResourcesBuildPhase section */

/* Begin PBXSourcesBuildPhase section */
		BBC5FA3C1F435411003EF940 /* Sources */ = {
			isa = PBXSourcesBuildPhase;
			buildActionMask = 2147483647;
			files = (
				BBC5FA461F435411003EF940 /* ViewController.swift in Sources */,
				BBC5FA441F435411003EF940 /* AppDelegate.swift in Sources */,
			);
			runOnlyForDeploymentPostprocessing = 0;
		};
		BBC5FA501F435411003EF940 /* Sources */ = {
			isa = PBXSourcesBuildPhase;
			buildActionMask = 2147483647;
			files = (
				BBC5FA591F435411003EF940 /* SurveyFieldReport1_1Tests.swift in Sources */,
			);
			runOnlyForDeploymentPostprocessing = 0;
		};
		BBC5FA5B1F435412003EF940 /* Sources */ = {
			isa = PBXSourcesBuildPhase;
			buildActionMask = 2147483647;
			files = (
				BBC5FA641F435412003EF940 /* SurveyFieldReport1_1UITests.swift in Sources */,
			);
			runOnlyForDeploymentPostprocessing = 0;
		};
/* End PBXSourcesBuildPhase section */

/* Begin PBXTargetDependency section */
		BBC5FA561F435411003EF940 /* PBXTargetDependency */ = {
			isa = PBXTargetDependency;
			target = BBC5FA3F1F435411003EF940 /* SurveyFieldReport1.1 */;
			targetProxy = BBC5FA551F435411003EF940 /* PBXContainerItemProxy */;
		};
		BBC5FA611F435412003EF940 /* PBXTargetDependency */ = {
			isa = PBXTargetDependency;
			target = BBC5FA3F1F435411003EF940 /* SurveyFieldReport1.1 */;
			targetProxy = BBC5FA601F435412003EF940 /* PBXContainerItemProxy */;
		};
/* End PBXTargetDependency section */

/* Begin PBXVariantGroup section */
		BBC5FA471F435411003EF940 /* Main.storyboard */ = {
			isa = PBXVariantGroup;
			children = (
				BBC5FA481F435411003EF940 /* Base */,
			);
			name = Main.storyboard;
			sourceTree = "<group>";
		};
		BBC5FA4C1F435411003EF940 /* LaunchScreen.storyboard */ = {
			isa = PBXVariantGroup;
			children = (
				BBC5FA4D1F435411003EF940 /* Base */,
			);
			name = LaunchScreen.storyboard;
			sourceTree = "<group>";
		};
/* End PBXVariantGroup section */

/* Begin XCBuildConfiguration section */
		BBC5FA661F435412003EF940 /* Debug */ = {
			isa = XCBuildConfiguration;
			buildSettings = {
				ALWAYS_SEARCH_USER_PATHS = NO;
				CLANG_ANALYZER_NONNULL = YES;
				CLANG_ANALYZER_NUMBER_OBJECT_CONVERSION = YES_AGGRESSIVE;
				CLANG_CXX_LANGUAGE_STANDARD = "gnu++0x";
				CLANG_CXX_LIBRARY = "libc++";
				CLANG_ENABLE_MODULES = YES;
				CLANG_ENABLE_OBJC_ARC = YES;
				CLANG_WARN_BOOL_CONVERSION = YES;
				CLANG_WARN_CONSTANT_CONVERSION = YES;
				CLANG_WARN_DIRECT_OBJC_ISA_USAGE = YES_ERROR;
				CLANG_WARN_DOCUMENTATION_COMMENTS = YES;
				CLANG_WARN_EMPTY_BODY = YES;
				CLANG_WARN_ENUM_CONVERSION = YES;
				CLANG_WARN_INFINITE_RECURSION = YES;
				CLANG_WARN_INT_CONVERSION = YES;
				CLANG_WARN_OBJC_ROOT_CLASS = YES_ERROR;
				CLANG_WARN_SUSPICIOUS_MOVE = YES;
				CLANG_WARN_UNREACHABLE_CODE = YES;
				CLANG_WARN__DUPLICATE_METHOD_MATCH = YES;
				"CODE_SIGN_IDENTITY[sdk=iphoneos*]" = "iPhone Developer";
				COPY_PHASE_STRIP = NO;
				DEBUG_INFORMATION_FORMAT = dwarf;
				ENABLE_STRICT_OBJC_MSGSEND = YES;
				ENABLE_TESTABILITY = YES;
				GCC_C_LANGUAGE_STANDARD = gnu99;
				GCC_DYNAMIC_NO_PIC = NO;
				GCC_NO_COMMON_BLOCKS = YES;
				GCC_OPTIMIZATION_LEVEL = 0;
				GCC_PREPROCESSOR_DEFINITIONS = (
					"DEBUG=1",
					"$(inherited)",
				);
				GCC_WARN_64_TO_32_BIT_CONVERSION = YES;
				GCC_WARN_ABOUT_RETURN_TYPE = YES_ERROR;
				GCC_WARN_UNDECLARED_SELECTOR = YES;
				GCC_WARN_UNINITIALIZED_AUTOS = YES_AGGRESSIVE;
				GCC_WARN_UNUSED_FUNCTION = YES;
				GCC_WARN_UNUSED_VARIABLE = YES;
				IPHONEOS_DEPLOYMENT_TARGET = 10.3;
				MTL_ENABLE_DEBUG_INFO = YES;
				ONLY_ACTIVE_ARCH = YES;
				SDKROOT = iphoneos;
				SWIFT_ACTIVE_COMPILATION_CONDITIONS = DEBUG;
				SWIFT_OPTIMIZATION_LEVEL = "-Onone";
				TARGETED_DEVICE_FAMILY = "1,2";
			};
			name = Debug;
		};
		BBC5FA671F435412003EF940 /* Release */ = {
			isa = XCBuildConfiguration;
			buildSettings = {
				ALWAYS_SEARCH_USER_PATHS = NO;
				CLANG_ANALYZER_NONNULL = YES;
				CLANG_ANALYZER_NUMBER_OBJECT_CONVERSION = YES_AGGRESSIVE;
				CLANG_CXX_LANGUAGE_STANDARD = "gnu++0x";
				CLANG_CXX_LIBRARY = "libc++";
				CLANG_ENABLE_MODULES = YES;
				CLANG_ENABLE_OBJC_ARC = YES;
				CLANG_WARN_BOOL_CONVERSION = YES;
				CLANG_WARN_CONSTANT_CONVERSION = YES;
				CLANG_WARN_DIRECT_OBJC_ISA_USAGE = YES_ERROR;
				CLANG_WARN_DOCUMENTATION_COMMENTS = YES;
				CLANG_WARN_EMPTY_BODY = YES;
				CLANG_WARN_ENUM_CONVERSION = YES;
				CLANG_WARN_INFINITE_RECURSION = YES;
				CLANG_WARN_INT_CONVERSION = YES;
				CLANG_WARN_OBJC_ROOT_CLASS = YES_ERROR;
				CLANG_WARN_SUSPICIOUS_MOVE = YES;
				CLANG_WARN_UNREACHABLE_CODE = YES;
				CLANG_WARN__DUPLICATE_METHOD_MATCH = YES;
				"CODE_SIGN_IDENTITY[sdk=iphoneos*]" = "iPhone Developer";
				COPY_PHASE_STRIP = NO;
				DEBUG_INFORMATION_FORMAT = "dwarf-with-dsym";
				ENABLE_NS_ASSERTIONS = NO;
				ENABLE_STRICT_OBJC_MSGSEND = YES;
				GCC_C_LANGUAGE_STANDARD = gnu99;
				GCC_NO_COMMON_BLOCKS = YES;
				GCC_WARN_64_TO_32_BIT_CONVERSION = YES;
				GCC_WARN_ABOUT_RETURN_TYPE = YES_ERROR;
				GCC_WARN_UNDECLARED_SELECTOR = YES;
				GCC_WARN_UNINITIALIZED_AUTOS = YES_AGGRESSIVE;
				GCC_WARN_UNUSED_FUNCTION = YES;
				GCC_WARN_UNUSED_VARIABLE = YES;
				IPHONEOS_DEPLOYMENT_TARGET = 10.3;
				MTL_ENABLE_DEBUG_INFO = NO;
				SDKROOT = iphoneos;
				SWIFT_OPTIMIZATION_LEVEL = "-Owholemodule";
				TARGETED_DEVICE_FAMILY = "1,2";
				VALIDATE_PRODUCT = YES;
			};
			name = Release;
		};
		BBC5FA691F435412003EF940 /* Debug */ = {
			isa = XCBuildConfiguration;
			buildSettings = {
				ASSETCATALOG_COMPILER_APPICON_NAME = AppIcon;
				DEVELOPMENT_TEAM = V2J5HSDQ3P;
				INFOPLIST_FILE = SurveyFieldReport1.1/Info.plist;
				LD_RUNPATH_SEARCH_PATHS = "$(inherited) @executable_path/Frameworks";
				PRODUCT_BUNDLE_IDENTIFIER = "Trenton..SurveyFieldReport1-1";
				PRODUCT_NAME = "$(TARGET_NAME)";
				SWIFT_VERSION = 3.0;
			};
			name = Debug;
		};
		BBC5FA6A1F435412003EF940 /* Release */ = {
			isa = XCBuildConfiguration;
			buildSettings = {
				ASSETCATALOG_COMPILER_APPICON_NAME = AppIcon;
				DEVELOPMENT_TEAM = V2J5HSDQ3P;
				INFOPLIST_FILE = SurveyFieldReport1.1/Info.plist;
				LD_RUNPATH_SEARCH_PATHS = "$(inherited) @executable_path/Frameworks";
				PRODUCT_BUNDLE_IDENTIFIER = "Trenton..SurveyFieldReport1-1";
				PRODUCT_NAME = "$(TARGET_NAME)";
				SWIFT_VERSION = 3.0;
			};
			name = Release;
		};
		BBC5FA6C1F435412003EF940 /* Debug */ = {
			isa = XCBuildConfiguration;
			buildSettings = {
				ALWAYS_EMBED_SWIFT_STANDARD_LIBRARIES = YES;
				BUNDLE_LOADER = "$(TEST_HOST)";
				DEVELOPMENT_TEAM = V2J5HSDQ3P;
				INFOPLIST_FILE = SurveyFieldReport1.1Tests/Info.plist;
				LD_RUNPATH_SEARCH_PATHS = "$(inherited) @executable_path/Frameworks @loader_path/Frameworks";
				PRODUCT_BUNDLE_IDENTIFIER = "Trenton..SurveyFieldReport1-1Tests";
				PRODUCT_NAME = "$(TARGET_NAME)";
				SWIFT_VERSION = 3.0;
				TEST_HOST = "$(BUILT_PRODUCTS_DIR)/SurveyFieldReport1.1.app/SurveyFieldReport1.1";
			};
			name = Debug;
		};
		BBC5FA6D1F435412003EF940 /* Release */ = {
			isa = XCBuildConfiguration;
			buildSettings = {
				ALWAYS_EMBED_SWIFT_STANDARD_LIBRARIES = YES;
				BUNDLE_LOADER = "$(TEST_HOST)";
				DEVELOPMENT_TEAM = V2J5HSDQ3P;
				INFOPLIST_FILE = SurveyFieldReport1.1Tests/Info.plist;
				LD_RUNPATH_SEARCH_PATHS = "$(inherited) @executable_path/Frameworks @loader_path/Frameworks";
				PRODUCT_BUNDLE_IDENTIFIER = "Trenton..SurveyFieldReport1-1Tests";
				PRODUCT_NAME = "$(TARGET_NAME)";
				SWIFT_VERSION = 3.0;
				TEST_HOST = "$(BUILT_PRODUCTS_DIR)/SurveyFieldReport1.1.app/SurveyFieldReport1.1";
			};
			name = Release;
		};
		BBC5FA6F1F435412003EF940 /* Debug */ = {
			isa = XCBuildConfiguration;
			buildSettings = {
				ALWAYS_EMBED_SWIFT_STANDARD_LIBRARIES = YES;
				DEVELOPMENT_TEAM = V2J5HSDQ3P;
				INFOPLIST_FILE = SurveyFieldReport1.1UITests/Info.plist;
				LD_RUNPATH_SEARCH_PATHS = "$(inherited) @executable_path/Frameworks @loader_path/Frameworks";
				PRODUCT_BUNDLE_IDENTIFIER = "Trenton..SurveyFieldReport1-1UITests";
				PRODUCT_NAME = "$(TARGET_NAME)";
				SWIFT_VERSION = 3.0;
				TEST_TARGET_NAME = SurveyFieldReport1.1;
			};
			name = Debug;
		};
		BBC5FA701F435412003EF940 /* Release */ = {
			isa = XCBuildConfiguration;
			buildSettings = {
				ALWAYS_EMBED_SWIFT_STANDARD_LIBRARIES = YES;
				DEVELOPMENT_TEAM = V2J5HSDQ3P;
				INFOPLIST_FILE = SurveyFieldReport1.1UITests/Info.plist;
				LD_RUNPATH_SEARCH_PATHS = "$(inherited) @executable_path/Frameworks @loader_path/Frameworks";
				PRODUCT_BUNDLE_IDENTIFIER = "Trenton..SurveyFieldReport1-1UITests";
				PRODUCT_NAME = "$(TARGET_NAME)";
				SWIFT_VERSION = 3.0;
				TEST_TARGET_NAME = SurveyFieldReport1.1;
			};
			name = Release;
		};
/* End XCBuildConfiguration section */

/* Begin XCConfigurationList section */
		BBC5FA3B1F435411003EF940 /* Build configuration list for PBXProject "SurveyFieldReport1.1" */ = {
			isa = XCConfigurationList;
			buildConfigurations = (
				BBC5FA661F435412003EF940 /* Debug */,
				BBC5FA671F435412003EF940 /* Release */,
			);
			defaultConfigurationIsVisible = 0;
			defaultConfigurationName = Release;
		};
		BBC5FA681F435412003EF940 /* Build configuration list for PBXNativeTarget "SurveyFieldReport1.1" */ = {
			isa = XCConfigurationList;
			buildConfigurations = (
				BBC5FA691F435412003EF940 /* Debug */,
				BBC5FA6A1F435412003EF940 /* Release */,
			);
			defaultConfigurationIsVisible = 0;
		};
		BBC5FA6B1F435412003EF940 /* Build configuration list for PBXNativeTarget "SurveyFieldReport1.1Tests" */ = {
			isa = XCConfigurationList;
			buildConfigurations = (
				BBC5FA6C1F435412003EF940 /* Debug */,
				BBC5FA6D1F435412003EF940 /* Release */,
			);
			defaultConfigurationIsVisible = 0;
		};
		BBC5FA6E1F435412003EF940 /* Build configuration list for PBXNativeTarget "SurveyFieldReport1.1UITests" */ = {
			isa = XCConfigurationList;
			buildConfigurations = (
				BBC5FA6F1F435412003EF940 /* Debug */,
				BBC5FA701F435412003EF940 /* Release */,
			);
			defaultConfigurationIsVisible = 0;
		};
/* End XCConfigurationList section */
	};
	rootObject = BBC5FA381F435411003EF940 /* Project object */;
}
